
Microsoft Visual Studio Solution File, Format Version 12.00
# Visual Studio Version 16
VisualStudioVersion = 16.0.30717.126
MinimumVisualStudioVersion = 10.0.40219.1
Project("{FAE04EC0-301F-11D3-BF4B-00C04F79EFBC}") = "EnumExample", "EnumExample\EnumExample.csproj", "{0355A4DF-B579-448F-8029-3004867A72B4}"
EndProject
Global
	GlobalSection(SolutionConfigurationPlatforms) = preSolution
		Debug|Any CPU = Debug|Any CPU
		Release|Any CPU = Release|Any CPU
	EndGlobalSection
	GlobalSection(ProjectConfigurationPlatforms) = postSolution
		{0355A4DF-B579-448F-8029-3004867A72B4}.Debug|Any CPU.ActiveCfg = Debug|Any CPU
		{0355A4DF-B579-448F-8029-3004867A72B4}.Debug|Any CPU.Build.0 = Debug|Any CPU
		{0355A4DF-B579-448F-8029-3004867A72B4}.Release|Any CPU.ActiveCfg = Release|Any CPU
		{0355A4DF-B579-448F-8029-3004867A72B4}.Release|Any CPU.Build.0 = Release|Any CPU
	EndGlobalSection
	GlobalSection(SolutionProperties) = preSolution
		HideSolutionNode = FALSE
	EndGlobalSection
	GlobalSection(ExtensibilityGlobals) = postSolution
		SolutionGuid = {6BF97CA8-BC02-4051-B131-07328D3E07B9}
	EndGlobalSection
EndGlobal
