
Microsoft Visual Studio Solution File, Format Version 12.00
# Visual Studio Version 16
VisualStudioVersion = 16.0.30717.126
MinimumVisualStudioVersion = 10.0.40219.1
Project("{FAE04EC0-301F-11D3-BF4B-00C04F79EFBC}") = "Interface", "Interface\Interface.csproj", "{E5073365-022E-46DD-8A33-6D571617B856}"
EndProject
Global
	GlobalSection(SolutionConfigurationPlatforms) = preSolution
		Debug|Any CPU = Debug|Any CPU
		Release|Any CPU = Release|Any CPU
	EndGlobalSection
	GlobalSection(ProjectConfigurationPlatforms) = postSolution
		{E5073365-022E-46DD-8A33-6D571617B856}.Debug|Any CPU.ActiveCfg = Debug|Any CPU
		{E5073365-022E-46DD-8A33-6D571617B856}.Debug|Any CPU.Build.0 = Debug|Any CPU
		{E5073365-022E-46DD-8A33-6D571617B856}.Release|Any CPU.ActiveCfg = Release|Any CPU
		{E5073365-022E-46DD-8A33-6D571617B856}.Release|Any CPU.Build.0 = Release|Any CPU
	EndGlobalSection
	GlobalSection(SolutionProperties) = preSolution
		HideSolutionNode = FALSE
	EndGlobalSection
	GlobalSection(ExtensibilityGlobals) = postSolution
		SolutionGuid = {E5B9E6B6-F1AB-4901-BE62-25A9250679AA}
	EndGlobalSection
EndGlobal
