
Microsoft Visual Studio Solution File, Format Version 12.00
# Visual Studio Version 16
VisualStudioVersion = 16.0.30717.126
MinimumVisualStudioVersion = 10.0.40219.1
Project("{FAE04EC0-301F-11D3-BF4B-00C04F79EFBC}") = "ExceptionHandling", "ExceptionHandling\ExceptionHandling.csproj", "{11761E04-B9FE-4CBB-9A13-30813DE9FF75}"
EndProject
Global
	GlobalSection(SolutionConfigurationPlatforms) = preSolution
		Debug|Any CPU = Debug|Any CPU
		Release|Any CPU = Release|Any CPU
	EndGlobalSection
	GlobalSection(ProjectConfigurationPlatforms) = postSolution
		{11761E04-B9FE-4CBB-9A13-30813DE9FF75}.Debug|Any CPU.ActiveCfg = Debug|Any CPU
		{11761E04-B9FE-4CBB-9A13-30813DE9FF75}.Debug|Any CPU.Build.0 = Debug|Any CPU
		{11761E04-B9FE-4CBB-9A13-30813DE9FF75}.Release|Any CPU.ActiveCfg = Release|Any CPU
		{11761E04-B9FE-4CBB-9A13-30813DE9FF75}.Release|Any CPU.Build.0 = Release|Any CPU
	EndGlobalSection
	GlobalSection(SolutionProperties) = preSolution
		HideSolutionNode = FALSE
	EndGlobalSection
	GlobalSection(ExtensibilityGlobals) = postSolution
		SolutionGuid = {35B5A6C7-E909-434E-9343-445ADB9E8818}
	EndGlobalSection
EndGlobal
