
Microsoft Visual Studio Solution File, Format Version 12.00
# Visual Studio Version 16
VisualStudioVersion = 16.0.30717.126
MinimumVisualStudioVersion = 10.0.40219.1
Project("{FAE04EC0-301F-11D3-BF4B-00C04F79EFBC}") = "Polymorphism", "Polymorphism\Polymorphism.csproj", "{CFE68BD5-662F-40DD-954B-05AD8BA33A77}"
EndProject
Global
	GlobalSection(SolutionConfigurationPlatforms) = preSolution
		Debug|Any CPU = Debug|Any CPU
		Release|Any CPU = Release|Any CPU
	EndGlobalSection
	GlobalSection(ProjectConfigurationPlatforms) = postSolution
		{CFE68BD5-662F-40DD-954B-05AD8BA33A77}.Debug|Any CPU.ActiveCfg = Debug|Any CPU
		{CFE68BD5-662F-40DD-954B-05AD8BA33A77}.Debug|Any CPU.Build.0 = Debug|Any CPU
		{CFE68BD5-662F-40DD-954B-05AD8BA33A77}.Release|Any CPU.ActiveCfg = Release|Any CPU
		{CFE68BD5-662F-40DD-954B-05AD8BA33A77}.Release|Any CPU.Build.0 = Release|Any CPU
	EndGlobalSection
	GlobalSection(SolutionProperties) = preSolution
		HideSolutionNode = FALSE
	EndGlobalSection
	GlobalSection(ExtensibilityGlobals) = postSolution
		SolutionGuid = {FB35C506-0DF6-4187-9B5F-040282FA6FFF}
	EndGlobalSection
EndGlobal
